// !$*UTF8*$!
{
	archiveVersion = 1;
	classes = {
	};
	objectVersion = 48;
	objects = {

/* Begin PBXBuildFile section */
		4946BD6A2060917E00082D13 /* AppDelegate.m in Sources */ = {isa = PBXBuildFile; fileRef = 4946BD692060917E00082D13 /* AppDelegate.m */; };
		4946BD702060917E00082D13 /* Main.storyboard in Resources */ = {isa = PBXBuildFile; fileRef = 4946BD6E2060917E00082D13 /* Main.storyboard */; };
		4946BD722060917E00082D13 /* Assets.xcassets in Resources */ = {isa = PBXBuildFile; fileRef = 4946BD712060917E00082D13 /* Assets.xcassets */; };
		4946BD752060917E00082D13 /* LaunchScreen.storyboard in Resources */ = {isa = PBXBuildFile; fileRef = 4946BD732060917E00082D13 /* LaunchScreen.storyboard */; };
		4946BD782060917E00082D13 /* main.m in Sources */ = {isa = PBXBuildFile; fileRef = 4946BD772060917E00082D13 /* main.m */; };
		4946BD822060917E00082D13 /* RunTimeTestTests.m in Sources */ = {isa = PBXBuildFile; fileRef = 4946BD812060917E00082D13 /* RunTimeTestTests.m */; };
		4946BD8D2060917E00082D13 /* RunTimeTestUITests.m in Sources */ = {isa = PBXBuildFile; fileRef = 4946BD8C2060917E00082D13 /* RunTimeTestUITests.m */; };
		49BB211B2061ECF200E0DE6E /* ViewController.m in Sources */ = {isa = PBXBuildFile; fileRef = 49BB211A2061ECF200E0DE6E /* ViewController.m */; };
		49BB212320620A6200E0DE6E /* Person.m in Sources */ = {isa = PBXBuildFile; fileRef = 49BB212220620A6100E0DE6E /* Person.m */; };
/* End PBXBuildFile section */

/* Begin PBXContainerItemProxy section */
		4946BD7E2060917E00082D13 /* PBXContainerItemProxy */ = {
			isa = PBXContainerItemProxy;
			containerPortal = 4946BD5D2060917E00082D13 /* Project object */;
			proxyType = 1;
			remoteGlobalIDString = 4946BD642060917E00082D13;
			remoteInfo = RunTimeTest;
		};
		4946BD892060917E00082D13 /* PBXContainerItemProxy */ = {
			isa = PBXContainerItemProxy;
			containerPortal = 4946BD5D2060917E00082D13 /* Project object */;
			proxyType = 1;
			remoteGlobalIDString = 4946BD642060917E00082D13;
			remoteInfo = RunTimeTest;
		};
/* End PBXContainerItemProxy section */

/* Begin PBXFileReference section */
		4946BD652060917E00082D13 /* RunTimeTest.app */ = {isa = PBXFileReference; explicitFileType = wrapper.application; includeInIndex = 0; path = RunTimeTest.app; sourceTree = BUILT_PRODUCTS_DIR; };
		4946BD682060917E00082D13 /* AppDelegate.h */ = {isa = PBXFileReference; lastKnownFileType = sourcecode.c.h; path = AppDelegate.h; sourceTree = "<group>"; };
		4946BD692060917E00082D13 /* AppDelegate.m */ = {isa = PBXFileReference; lastKnownFileType = sourcecode.c.objc; path = AppDelegate.m; sourceTree = "<group>"; };
		4946BD6F2060917E00082D13 /* Base */ = {isa = PBXFileReference; lastKnownFileType = file.storyboard; name = Base; path = Base.lproj/Main.storyboard; sourceTree = "<group>"; };
		4946BD712060917E00082D13 /* Assets.xcassets */ = {isa = PBXFileReference; lastKnownFileType = folder.assetcatalog; path = Assets.xcassets; sourceTree = "<group>"; };
		4946BD742060917E00082D13 /* Base */ = {isa = PBXFileReference; lastKnownFileType = file.storyboard; name = Base; path = Base.lproj/LaunchScreen.storyboard; sourceTree = "<group>"; };
		4946BD762060917E00082D13 /* Info.plist */ = {isa = PBXFileReference; lastKnownFileType = text.plist.xml; path = Info.plist; sourceTree = "<group>"; };
		4946BD772060917E00082D13 /* main.m */ = {isa = PBXFileReference; lastKnownFileType = sourcecode.c.objc; path = main.m; sourceTree = "<group>"; };
		4946BD7D2060917E00082D13 /* RunTimeTestTests.xctest */ = {isa = PBXFileReference; explicitFileType = wrapper.cfbundle; includeInIndex = 0; path = RunTimeTestTests.xctest; sourceTree = BUILT_PRODUCTS_DIR; };
		4946BD812060917E00082D13 /* RunTimeTestTests.m */ = {isa = PBXFileReference; lastKnownFileType = sourcecode.c.objc; path = RunTimeTestTests.m; sourceTree = "<group>"; };
		4946BD832060917E00082D13 /* Info.plist */ = {isa = PBXFileReference; lastKnownFileType = text.plist.xml; path = Info.plist; sourceTree = "<group>"; };
		4946BD882060917E00082D13 /* RunTimeTestUITests.xctest */ = {isa = PBXFileReference; explicitFileType = wrapper.cfbundle; includeInIndex = 0; path = RunTimeTestUITests.xctest; sourceTree = BUILT_PRODUCTS_DIR; };
		4946BD8C2060917E00082D13 /* RunTimeTestUITests.m */ = {isa = PBXFileReference; lastKnownFileType = sourcecode.c.objc; path = RunTimeTestUITests.m; sourceTree = "<group>"; };
		4946BD8E2060917E00082D13 /* Info.plist */ = {isa = PBXFileReference; lastKnownFileType = text.plist.xml; path = Info.plist; sourceTree = "<group>"; };
		49BB21192061ECF200E0DE6E /* ViewController.h */ = {isa = PBXFileReference; fileEncoding = 4; lastKnownFileType = sourcecode.c.h; path = ViewController.h; sourceTree = "<group>"; };
		49BB211A2061ECF200E0DE6E /* ViewController.m */ = {isa = PBXFileReference; fileEncoding = 4; lastKnownFileType = sourcecode.c.objc; path = ViewController.m; sourceTree = "<group>"; };
		49BB212120620A6100E0DE6E /* Person.h */ = {isa = PBXFileReference; fileEncoding = 4; lastKnownFileType = sourcecode.c.h; path = Person.h; sourceTree = "<group>"; };
		49BB212220620A6100E0DE6E /* Person.m */ = {isa = PBXFileReference; fileEncoding = 4; lastKnownFileType = sourcecode.c.objc; path = Person.m; sourceTree = "<group>"; };
/* End PBXFileReference section */

/* Begin PBXFrameworksBuildPhase section */
		4946BD622060917E00082D13 /* Frameworks */ = {
			isa = PBXFrameworksBuildPhase;
			buildActionMask = 2147483647;
			files = (
			);
			runOnlyForDeploymentPostprocessing = 0;
		};
		4946BD7A2060917E00082D13 /* Frameworks */ = {
			isa = PBXFrameworksBuildPhase;
			buildActionMask = 2147483647;
			files = (
			);
			runOnlyForDeploymentPostprocessing = 0;
		};
		4946BD852060917E00082D13 /* Frameworks */ = {
			isa = PBXFrameworksBuildPhase;
			buildActionMask = 2147483647;
			files = (
			);
			runOnlyForDeploymentPostprocessing = 0;
		};
/* End PBXFrameworksBuildPhase section */

/* Begin PBXGroup section */
		4946BD5C2060917E00082D13 = {
			isa = PBXGroup;
			children = (
				4946BD672060917E00082D13 /* RunTimeTest */,
				4946BD802060917E00082D13 /* RunTimeTestTests */,
				4946BD8B2060917E00082D13 /* RunTimeTestUITests */,
				4946BD662060917E00082D13 /* Products */,
			);
			sourceTree = "<group>";
		};
		4946BD662060917E00082D13 /* Products */ = {
			isa = PBXGroup;
			children = (
				4946BD652060917E00082D13 /* RunTimeTest.app */,
				4946BD7D2060917E00082D13 /* RunTimeTestTests.xctest */,
				4946BD882060917E00082D13 /* RunTimeTestUITests.xctest */,
			);
			name = Products;
			sourceTree = "<group>";
		};
		4946BD672060917E00082D13 /* RunTimeTest */ = {
			isa = PBXGroup;
			children = (
				49BB212020620A6100E0DE6E /* RunTimeTest */,
				49BB21192061ECF200E0DE6E /* ViewController.h */,
				49BB211A2061ECF200E0DE6E /* ViewController.m */,
				4946BD682060917E00082D13 /* AppDelegate.h */,
				4946BD692060917E00082D13 /* AppDelegate.m */,
				4946BD6E2060917E00082D13 /* Main.storyboard */,
				4946BD712060917E00082D13 /* Assets.xcassets */,
				4946BD732060917E00082D13 /* LaunchScreen.storyboard */,
				4946BD762060917E00082D13 /* Info.plist */,
				4946BD772060917E00082D13 /* main.m */,
			);
			path = RunTimeTest;
			sourceTree = "<group>";
		};
		4946BD802060917E00082D13 /* RunTimeTestTests */ = {
			isa = PBXGroup;
			children = (
				4946BD812060917E00082D13 /* RunTimeTestTests.m */,
				4946BD832060917E00082D13 /* Info.plist */,
			);
			path = RunTimeTestTests;
			sourceTree = "<group>";
		};
		4946BD8B2060917E00082D13 /* RunTimeTestUITests */ = {
			isa = PBXGroup;
			children = (
				4946BD8C2060917E00082D13 /* RunTimeTestUITests.m */,
				4946BD8E2060917E00082D13 /* Info.plist */,
			);
			path = RunTimeTestUITests;
			sourceTree = "<group>";
		};
		49BB212020620A6100E0DE6E /* RunTimeTest */ = {
			isa = PBXGroup;
			children = (
				49BB212120620A6100E0DE6E /* Person.h */,
				49BB212220620A6100E0DE6E /* Person.m */,
			);
			path = RunTimeTest;
			sourceTree = "<group>";
		};
/* End PBXGroup section */

/* Begin PBXNativeTarget section */
		4946BD642060917E00082D13 /* RunTimeTest */ = {
			isa = PBXNativeTarget;
			buildConfigurationList = 4946BD912060917E00082D13 /* Build configuration list for PBXNativeTarget "RunTimeTest" */;
			buildPhases = (
				4946BD612060917E00082D13 /* Sources */,
				4946BD622060917E00082D13 /* Frameworks */,
				4946BD632060917E00082D13 /* Resources */,
			);
			buildRules = (
			);
			dependencies = (
			);
			name = RunTimeTest;
			productName = RunTimeTest;
			productReference = 4946BD652060917E00082D13 /* RunTimeTest.app */;
			productType = "com.apple.product-type.application";
		};
		4946BD7C2060917E00082D13 /* RunTimeTestTests */ = {
			isa = PBXNativeTarget;
			buildConfigurationList = 4946BD942060917E00082D13 /* Build configuration list for PBXNativeTarget "RunTimeTestTests" */;
			buildPhases = (
				4946BD792060917E00082D13 /* Sources */,
				4946BD7A2060917E00082D13 /* Frameworks */,
				4946BD7B2060917E00082D13 /* Resources */,
			);
			buildRules = (
			);
			dependencies = (
				4946BD7F2060917E00082D13 /* PBXTargetDependency */,
			);
			name = RunTimeTestTests;
			productName = RunTimeTestTests;
			productReference = 4946BD7D2060917E00082D13 /* RunTimeTestTests.xctest */;
			productType = "com.apple.product-type.bundle.unit-test";
		};
		4946BD872060917E00082D13 /* RunTimeTestUITests */ = {
			isa = PBXNativeTarget;
			buildConfigurationList = 4946BD972060917E00082D13 /* Build configuration list for PBXNativeTarget "RunTimeTestUITests" */;
			buildPhases = (
				4946BD842060917E00082D13 /* Sources */,
				4946BD852060917E00082D13 /* Frameworks */,
				4946BD862060917E00082D13 /* Resources */,
			);
			buildRules = (
			);
			dependencies = (
				4946BD8A2060917E00082D13 /* PBXTargetDependency */,
			);
			name = RunTimeTestUITests;
			productName = RunTimeTestUITests;
			productReference = 4946BD882060917E00082D13 /* RunTimeTestUITests.xctest */;
			productType = "com.apple.product-type.bundle.ui-testing";
		};
/* End PBXNativeTarget section */

/* Begin PBXProject section */
		4946BD5D2060917E00082D13 /* Project object */ = {
			isa = PBXProject;
			attributes = {
				LastUpgradeCheck = 0910;
				ORGANIZATIONNAME = xfg;
				TargetAttributes = {
					4946BD642060917E00082D13 = {
						CreatedOnToolsVersion = 9.1;
						ProvisioningStyle = Automatic;
					};
					4946BD7C2060917E00082D13 = {
						CreatedOnToolsVersion = 9.1;
						ProvisioningStyle = Automatic;
						TestTargetID = 4946BD642060917E00082D13;
					};
					4946BD872060917E00082D13 = {
						CreatedOnToolsVersion = 9.1;
						ProvisioningStyle = Automatic;
						TestTargetID = 4946BD642060917E00082D13;
					};
				};
			};
			buildConfigurationList = 4946BD602060917E00082D13 /* Build configuration list for PBXProject "RunTimeTest" */;
			compatibilityVersion = "Xcode 8.0";
			developmentRegion = en;
			hasScannedForEncodings = 0;
			knownRegions = (
				en,
				Base,
			);
			mainGroup = 4946BD5C2060917E00082D13;
			productRefGroup = 4946BD662060917E00082D13 /* Products */;
			projectDirPath = "";
			projectRoot = "";
			targets = (
				4946BD642060917E00082D13 /* RunTimeTest */,
				4946BD7C2060917E00082D13 /* RunTimeTestTests */,
				4946BD872060917E00082D13 /* RunTimeTestUITests */,
			);
		};
/* End PBXProject section */

/* Begin PBXResourcesBuildPhase section */
		4946BD632060917E00082D13 /* Resources */ = {
			isa = PBXResourcesBuildPhase;
			buildActionMask = 2147483647;
			files = (
				4946BD752060917E00082D13 /* LaunchScreen.storyboard in Resources */,
				4946BD722060917E00082D13 /* Assets.xcassets in Resources */,
				4946BD702060917E00082D13 /* Main.storyboard in Resources */,
			);
			runOnlyForDeploymentPostprocessing = 0;
		};
		4946BD7B2060917E00082D13 /* Resources */ = {
			isa = PBXResourcesBuildPhase;
			buildActionMask = 2147483647;
			files = (
			);
			runOnlyForDeploymentPostprocessing = 0;
		};
		4946BD862060917E00082D13 /* Resources */ = {
			isa = PBXResourcesBuildPhase;
			buildActionMask = 2147483647;
			files = (
			);
			runOnlyForDeploymentPostprocessing = 0;
		};
/* End PBXResourcesBuildPhase section */

/* Begin PBXSourcesBuildPhase section */
		4946BD612060917E00082D13 /* Sources */ = {
			isa = PBXSourcesBuildPhase;
			buildActionMask = 2147483647;
			files = (
				4946BD782060917E00082D13 /* main.m in Sources */,
				49BB211B2061ECF200E0DE6E /* ViewController.m in Sources */,
				49BB212320620A6200E0DE6E /* Person.m in Sources */,
				4946BD6A2060917E00082D13 /* AppDelegate.m in Sources */,
			);
			runOnlyForDeploymentPostprocessing = 0;
		};
		4946BD792060917E00082D13 /* Sources */ = {
			isa = PBXSourcesBuildPhase;
			buildActionMask = 2147483647;
			files = (
				4946BD822060917E00082D13 /* RunTimeTestTests.m in Sources */,
			);
			runOnlyForDeploymentPostprocessing = 0;
		};
		4946BD842060917E00082D13 /* Sources */ = {
			isa = PBXSourcesBuildPhase;
			buildActionMask = 2147483647;
			files = (
				4946BD8D2060917E00082D13 /* RunTimeTestUITests.m in Sources */,
			);
			runOnlyForDeploymentPostprocessing = 0;
		};
/* End PBXSourcesBuildPhase section */

/* Begin PBXTargetDependency section */
		4946BD7F2060917E00082D13 /* PBXTargetDependency */ = {
			isa = PBXTargetDependency;
			target = 4946BD642060917E00082D13 /* RunTimeTest */;
			targetProxy = 4946BD7E2060917E00082D13 /* PBXContainerItemProxy */;
		};
		4946BD8A2060917E00082D13 /* PBXTargetDependency */ = {
			isa = PBXTargetDependency;
			target = 4946BD642060917E00082D13 /* RunTimeTest */;
			targetProxy = 4946BD892060917E00082D13 /* PBXContainerItemProxy */;
		};
/* End PBXTargetDependency section */

/* Begin PBXVariantGroup section */
		4946BD6E2060917E00082D13 /* Main.storyboard */ = {
			isa = PBXVariantGroup;
			children = (
				4946BD6F2060917E00082D13 /* Base */,
			);
			name = Main.storyboard;
			sourceTree = "<group>";
		};
		4946BD732060917E00082D13 /* LaunchScreen.storyboard */ = {
			isa = PBXVariantGroup;
			children = (
				4946BD742060917E00082D13 /* Base */,
			);
			name = LaunchScreen.storyboard;
			sourceTree = "<group>";
		};
/* End PBXVariantGroup section */

/* Begin XCBuildConfiguration section */
		4946BD8F2060917E00082D13 /* Debug */ = {
			isa = XCBuildConfiguration;
			buildSettings = {
				ALWAYS_SEARCH_USER_PATHS = NO;
				CLANG_ANALYZER_NONNULL = YES;
				CLANG_ANALYZER_NUMBER_OBJECT_CONVERSION = YES_AGGRESSIVE;
				CLANG_CXX_LANGUAGE_STANDARD = "gnu++14";
				CLANG_CXX_LIBRARY = "libc++";
				CLANG_ENABLE_MODULES = YES;
				CLANG_ENABLE_OBJC_ARC = YES;
				CLANG_WARN_BLOCK_CAPTURE_AUTORELEASING = YES;
				CLANG_WARN_BOOL_CONVERSION = YES;
				CLANG_WARN_COMMA = YES;
				CLANG_WARN_CONSTANT_CONVERSION = YES;
				CLANG_WARN_DIRECT_OBJC_ISA_USAGE = YES_ERROR;
				CLANG_WARN_DOCUMENTATION_COMMENTS = YES;
				CLANG_WARN_EMPTY_BODY = YES;
				CLANG_WARN_ENUM_CONVERSION = YES;
				CLANG_WARN_INFINITE_RECURSION = YES;
				CLANG_WARN_INT_CONVERSION = YES;
				CLANG_WARN_NON_LITERAL_NULL_CONVERSION = YES;
				CLANG_WARN_OBJC_LITERAL_CONVERSION = YES;
				CLANG_WARN_OBJC_ROOT_CLASS = YES_ERROR;
				CLANG_WARN_RANGE_LOOP_ANALYSIS = YES;
				CLANG_WARN_STRICT_PROTOTYPES = YES;
				CLANG_WARN_SUSPICIOUS_MOVE = YES;
				CLANG_WARN_UNGUARDED_AVAILABILITY = YES_AGGRESSIVE;
				CLANG_WARN_UNREACHABLE_CODE = YES;
				CLANG_WARN__DUPLICATE_METHOD_MATCH = YES;
				CODE_SIGN_IDENTITY = "iPhone Developer";
				COPY_PHASE_STRIP = NO;
				DEBUG_INFORMATION_FORMAT = dwarf;
				ENABLE_STRICT_OBJC_MSGSEND = YES;
				ENABLE_TESTABILITY = YES;
				GCC_C_LANGUAGE_STANDARD = gnu11;
				GCC_DYNAMIC_NO_PIC = NO;
				GCC_NO_COMMON_BLOCKS = YES;
				GCC_OPTIMIZATION_LEVEL = 0;
				GCC_PREPROCESSOR_DEFINITIONS = (
					"DEBUG=1",
					"$(inherited)",
				);
				GCC_WARN_64_TO_32_BIT_CONVERSION = YES;
				GCC_WARN_ABOUT_RETURN_TYPE = YES_ERROR;
				GCC_WARN_UNDECLARED_SELECTOR = YES;
				GCC_WARN_UNINITIALIZED_AUTOS = YES_AGGRESSIVE;
				GCC_WARN_UNUSED_FUNCTION = YES;
				GCC_WARN_UNUSED_VARIABLE = YES;
				IPHONEOS_DEPLOYMENT_TARGET = 11.1;
				MTL_ENABLE_DEBUG_INFO = YES;
				ONLY_ACTIVE_ARCH = YES;
				SDKROOT = iphoneos;
			};
			name = Debug;
		};
		4946BD902060917E00082D13 /* Release */ = {
			isa = XCBuildConfiguration;
			buildSettings = {
				ALWAYS_SEARCH_USER_PATHS = NO;
				CLANG_ANALYZER_NONNULL = YES;
				CLANG_ANALYZER_NUMBER_OBJECT_CONVERSION = YES_AGGRESSIVE;
				CLANG_CXX_LANGUAGE_STANDARD = "gnu++14";
				CLANG_CXX_LIBRARY = "libc++";
				CLANG_ENABLE_MODULES = YES;
				CLANG_ENABLE_OBJC_ARC = YES;
				CLANG_WARN_BLOCK_CAPTURE_AUTORELEASING = YES;
				CLANG_WARN_BOOL_CONVERSION = YES;
				CLANG_WARN_COMMA = YES;
				CLANG_WARN_CONSTANT_CONVERSION = YES;
				CLANG_WARN_DIRECT_OBJC_ISA_USAGE = YES_ERROR;
				CLANG_WARN_DOCUMENTATION_COMMENTS = YES;
				CLANG_WARN_EMPTY_BODY = YES;
				CLANG_WARN_ENUM_CONVERSION = YES;
				CLANG_WARN_INFINITE_RECURSION = YES;
				CLANG_WARN_INT_CONVERSION = YES;
				CLANG_WARN_NON_LITERAL_NULL_CONVERSION = YES;
				CLANG_WARN_OBJC_LITERAL_CONVERSION = YES;
				CLANG_WARN_OBJC_ROOT_CLASS = YES_ERROR;
				CLANG_WARN_RANGE_LOOP_ANALYSIS = YES;
				CLANG_WARN_STRICT_PROTOTYPES = YES;
				CLANG_WARN_SUSPICIOUS_MOVE = YES;
				CLANG_WARN_UNGUARDED_AVAILABILITY = YES_AGGRESSIVE;
				CLANG_WARN_UNREACHABLE_CODE = YES;
				CLANG_WARN__DUPLICATE_METHOD_MATCH = YES;
				CODE_SIGN_IDENTITY = "iPhone Developer";
				COPY_PHASE_STRIP = NO;
				DEBUG_INFORMATION_FORMAT = "dwarf-with-dsym";
				ENABLE_NS_ASSERTIONS = NO;
				ENABLE_STRICT_OBJC_MSGSEND = YES;
				GCC_C_LANGUAGE_STANDARD = gnu11;
				GCC_NO_COMMON_BLOCKS = YES;
				GCC_WARN_64_TO_32_BIT_CONVERSION = YES;
				GCC_WARN_ABOUT_RETURN_TYPE = YES_ERROR;
				GCC_WARN_UNDECLARED_SELECTOR = YES;
				GCC_WARN_UNINITIALIZED_AUTOS = YES_AGGRESSIVE;
				GCC_WARN_UNUSED_FUNCTION = YES;
				GCC_WARN_UNUSED_VARIABLE = YES;
				IPHONEOS_DEPLOYMENT_TARGET = 11.1;
				MTL_ENABLE_DEBUG_INFO = NO;
				SDKROOT = iphoneos;
				VALIDATE_PRODUCT = YES;
			};
			name = Release;
		};
		4946BD922060917E00082D13 /* Debug */ = {
			isa = XCBuildConfiguration;
			buildSettings = {
				ASSETCATALOG_COMPILER_APPICON_NAME = AppIcon;
				CODE_SIGN_STYLE = Automatic;
				DEVELOPMENT_TEAM = K4Y22J2KN7;
				INFOPLIST_FILE = RunTimeTest/Info.plist;
				IPHONEOS_DEPLOYMENT_TARGET = 8.0;
				LD_RUNPATH_SEARCH_PATHS = "$(inherited) @executable_path/Frameworks";
				PRODUCT_BUNDLE_IDENTIFIER = com.xfg.RunTimeTest;
				PRODUCT_NAME = "$(TARGET_NAME)";
				TARGETED_DEVICE_FAMILY = 1;
			};
			name = Debug;
		};
		4946BD932060917E00082D13 /* Release */ = {
			isa = XCBuildConfiguration;
			buildSettings = {
				ASSETCATALOG_COMPILER_APPICON_NAME = AppIcon;
				CODE_SIGN_STYLE = Automatic;
				DEVELOPMENT_TEAM = K4Y22J2KN7;
				INFOPLIST_FILE = RunTimeTest/Info.plist;
				IPHONEOS_DEPLOYMENT_TARGET = 8.0;
				LD_RUNPATH_SEARCH_PATHS = "$(inherited) @executable_path/Frameworks";
				PRODUCT_BUNDLE_IDENTIFIER = com.xfg.RunTimeTest;
				PRODUCT_NAME = "$(TARGET_NAME)";
				TARGETED_DEVICE_FAMILY = 1;
			};
			name = Release;
		};
		4946BD952060917E00082D13 /* Debug */ = {
			isa = XCBuildConfiguration;
			buildSettings = {
				BUNDLE_LOADER = "$(TEST_HOST)";
				CODE_SIGN_STYLE = Automatic;
				INFOPLIST_FILE = RunTimeTestTests/Info.plist;
				LD_RUNPATH_SEARCH_PATHS = "$(inherited) @executable_path/Frameworks @loader_path/Frameworks";
				PRODUCT_BUNDLE_IDENTIFIER = com.xfg.RunTimeTestTests;
				PRODUCT_NAME = "$(TARGET_NAME)";
				TARGETED_DEVICE_FAMILY = "1,2";
				TEST_HOST = "$(BUILT_PRODUCTS_DIR)/RunTimeTest.app/RunTimeTest";
			};
			name = Debug;
		};
		4946BD962060917E00082D13 /* Release */ = {
			isa = XCBuildConfiguration;
			buildSettings = {
				BUNDLE_LOADER = "$(TEST_HOST)";
				CODE_SIGN_STYLE = Automatic;
				INFOPLIST_FILE = RunTimeTestTests/Info.plist;
				LD_RUNPATH_SEARCH_PATHS = "$(inherited) @executable_path/Frameworks @loader_path/Frameworks";
				PRODUCT_BUNDLE_IDENTIFIER = com.xfg.RunTimeTestTests;
				PRODUCT_NAME = "$(TARGET_NAME)";
				TARGETED_DEVICE_FAMILY = "1,2";
				TEST_HOST = "$(BUILT_PRODUCTS_DIR)/RunTimeTest.app/RunTimeTest";
			};
			name = Release;
		};
		4946BD982060917E00082D13 /* Debug */ = {
			isa = XCBuildConfiguration;
			buildSettings = {
				CODE_SIGN_STYLE = Automatic;
				INFOPLIST_FILE = RunTimeTestUITests/Info.plist;
				LD_RUNPATH_SEARCH_PATHS = "$(inherited) @executable_path/Frameworks @loader_path/Frameworks";
				PRODUCT_BUNDLE_IDENTIFIER = com.xfg.RunTimeTestUITests;
				PRODUCT_NAME = "$(TARGET_NAME)";
				TARGETED_DEVICE_FAMILY = "1,2";
				TEST_TARGET_NAME = RunTimeTest;
			};
			name = Debug;
		};
		4946BD992060917E00082D13 /* Release */ = {
			isa = XCBuildConfiguration;
			buildSettings = {
				CODE_SIGN_STYLE = Automatic;
				INFOPLIST_FILE = RunTimeTestUITests/Info.plist;
				LD_RUNPATH_SEARCH_PATHS = "$(inherited) @executable_path/Frameworks @loader_path/Frameworks";
				PRODUCT_BUNDLE_IDENTIFIER = com.xfg.RunTimeTestUITests;
				PRODUCT_NAME = "$(TARGET_NAME)";
				TARGETED_DEVICE_FAMILY = "1,2";
				TEST_TARGET_NAME = RunTimeTest;
			};
			name = Release;
		};
/* End XCBuildConfiguration section */

/* Begin XCConfigurationList section */
		4946BD602060917E00082D13 /* Build configuration list for PBXProject "RunTimeTest" */ = {
			isa = XCConfigurationList;
			buildConfigurations = (
				4946BD8F2060917E00082D13 /* Debug */,
				4946BD902060917E00082D13 /* Release */,
			);
			defaultConfigurationIsVisible = 0;
			defaultConfigurationName = Release;
		};
		4946BD912060917E00082D13 /* Build configuration list for PBXNativeTarget "RunTimeTest" */ = {
			isa = XCConfigurationList;
			buildConfigurations = (
				4946BD922060917E00082D13 /* Debug */,
				4946BD932060917E00082D13 /* Release */,
			);
			defaultConfigurationIsVisible = 0;
			defaultConfigurationName = Release;
		};
		4946BD942060917E00082D13 /* Build configuration list for PBXNativeTarget "RunTimeTestTests" */ = {
			isa = XCConfigurationList;
			buildConfigurations = (
				4946BD952060917E00082D13 /* Debug */,
				4946BD962060917E00082D13 /* Release */,
			);
			defaultConfigurationIsVisible = 0;
			defaultConfigurationName = Release;
		};
		4946BD972060917E00082D13 /* Build configuration list for PBXNativeTarget "RunTimeTestUITests" */ = {
			isa = XCConfigurationList;
			buildConfigurations = (
				4946BD982060917E00082D13 /* Debug */,
				4946BD992060917E00082D13 /* Release */,
			);
			defaultConfigurationIsVisible = 0;
			defaultConfigurationName = Release;
		};
/* End XCConfigurationList section */
	};
	rootObject = 4946BD5D2060917E00082D13 /* Project object */;
}
